
Microsoft Visual Studio Solution File, Format Version 12.00
# Visual Studio Version 16
VisualStudioVersion = 16.0.31424.327
MinimumVisualStudioVersion = 10.0.40219.1
Project("{FAE04EC0-301F-11D3-BF4B-00C04F79EFBC}") = "TicTacToe", "TicTacToe\TicTacToe.csproj", "{F5CCE649-63AE-4AAC-BBA8-E5F040283407}"
EndProject
Global
	GlobalSection(SolutionConfigurationPlatforms) = preSolution
		Debug|Any CPU = Debug|Any CPU
		Release|Any CPU = Release|Any CPU
	EndGlobalSection
	GlobalSection(ProjectConfigurationPlatforms) = postSolution
		{F5CCE649-63AE-4AAC-BBA8-E5F040283407}.Debug|Any CPU.ActiveCfg = Debug|Any CPU
		{F5CCE649-63AE-4AAC-BBA8-E5F040283407}.Debug|Any CPU.Build.0 = Debug|Any CPU
		{F5CCE649-63AE-4AAC-BBA8-E5F040283407}.Release|Any CPU.ActiveCfg = Release|Any CPU
		{F5CCE649-63AE-4AAC-BBA8-E5F040283407}.Release|Any CPU.Build.0 = Release|Any CPU
	EndGlobalSection
	GlobalSection(SolutionProperties) = preSolution
		HideSolutionNode = FALSE
	EndGlobalSection
	GlobalSection(ExtensibilityGlobals) = postSolution
		SolutionGuid = {0BF71CA9-6B24-44E1-BA7D-C546DD4C05C0}
	EndGlobalSection
EndGlobal
