
Microsoft Visual Studio Solution File, Format Version 12.00
# Visual Studio Version 16
VisualStudioVersion = 16.0.31424.327
MinimumVisualStudioVersion = 10.0.40219.1
Project("{FAE04EC0-301F-11D3-BF4B-00C04F79EFBC}") = "HelloMVC-ii", "HelloMVC-ii\HelloMVC-ii.csproj", "{B966BA37-2735-49CD-8117-75A6D795E65F}"
EndProject
Global
	GlobalSection(SolutionConfigurationPlatforms) = preSolution
		Debug|Any CPU = Debug|Any CPU
		Release|Any CPU = Release|Any CPU
	EndGlobalSection
	GlobalSection(ProjectConfigurationPlatforms) = postSolution
		{B966BA37-2735-49CD-8117-75A6D795E65F}.Debug|Any CPU.ActiveCfg = Debug|Any CPU
		{B966BA37-2735-49CD-8117-75A6D795E65F}.Debug|Any CPU.Build.0 = Debug|Any CPU
		{B966BA37-2735-49CD-8117-75A6D795E65F}.Release|Any CPU.ActiveCfg = Release|Any CPU
		{B966BA37-2735-49CD-8117-75A6D795E65F}.Release|Any CPU.Build.0 = Release|Any CPU
	EndGlobalSection
	GlobalSection(SolutionProperties) = preSolution
		HideSolutionNode = FALSE
	EndGlobalSection
	GlobalSection(ExtensibilityGlobals) = postSolution
		SolutionGuid = {0E8D1BF3-6230-44A9-BCA0-641F18137AB7}
	EndGlobalSection
EndGlobal
